{
	"name": "doremi",
	"version": "0.2.0",
	"lockfileVersion": 2,
	"requires": true,
	"packages": {
		"": {
			"name": "doremi",
			"version": "0.2.0",
			"license": "MIT",
			"dependencies": {
				"@flatten-js/core": "^1.2.24",
				"@shoelace-style/shoelace": "^2.0.0-beta.44",
				"@stencil/core": "^2.6.0",
				"@stencil/less": "^1.0.0",
				"file-drop-element": "^1.0.1"
			},
			"devDependencies": {
				"@types/node": "^15.12.4",
				"@types/resize-observer-browser": "^0.1.5",
				"prettier": "^2.3.2"
			}
		},
		"node_modules/@flatten-js/core": {
			"version": "1.3.4",
			"resolved": "https://registry.npmjs.org/@flatten-js/core/-/core-1.3.4.tgz",
			"integrity": "sha512-VP8VYWMJPZDgNze83iS//sHHkQREtgtZ9VLn9SNX99FN49AIP/QhSeqkpW0/VPyFrUbrmkw8VumYkT09BH5bYg==",
			"dependencies": {
				"@flatten-js/interval-tree": "^1.0.15"
			},
			"engines": {
				"node": ">=4.2.4"
			}
		},
		"node_modules/@flatten-js/interval-tree": {
			"version": "1.0.18",
			"resolved": "https://registry.npmjs.org/@flatten-js/interval-tree/-/interval-tree-1.0.18.tgz",
			"integrity": "sha512-o72sZErW0Y1C82Cg7nk82ojJ/22EtmKyp5I3eNqgcOKFp/VCzetATYYjJIqOBBaR7FQ/MFj/ZpsmP38mL4TkYA=="
		},
		"node_modules/@floating-ui/core": {
			"version": "0.7.3",
			"resolved": "https://registry.npmjs.org/@floating-ui/core/-/core-0.7.3.tgz",
			"integrity": "sha512-buc8BXHmG9l82+OQXOFU3Kr2XQx9ys01U/Q9HMIrZ300iLc8HLMgh7dcCqgYzAzf4BkoQvDcXf5Y+CuEZ5JBYg=="
		},
		"node_modules/@floating-ui/dom": {
			"version": "0.5.4",
			"resolved": "https://registry.npmjs.org/@floating-ui/dom/-/dom-0.5.4.tgz",
			"integrity": "sha512-419BMceRLq0RrmTSDxn8hf9R3VCJv2K9PUfugh5JyEFmdjzDo+e8U5EdR8nzKq8Yj1htzLm3b6eQEEam3/rrtg==",
			"dependencies": {
				"@floating-ui/core": "^0.7.3"
			}
		},
		"node_modules/@lit-labs/react": {
			"version": "1.0.6",
			"resolved": "https://registry.npmjs.org/@lit-labs/react/-/react-1.0.6.tgz",
			"integrity": "sha512-uDtfJv5XunmsydTNRST+MU8U6QyETCw8BKoeMw2Q4Te1r5paAD9sVJfxESP7Dbk0G4tqCRS0BsyNmYJSGCrJyQ=="
		},
		"node_modules/@lit/reactive-element": {
			"version": "1.3.3",
			"resolved": "https://registry.npmjs.org/@lit/reactive-element/-/reactive-element-1.3.3.tgz",
			"integrity": "sha512-ukelZ49tzUqgOAEbVujl/U62JNK3wdn5kKtXVqrjKND4QvHACZOMOYaZI6/5Jd8vsg+Fq9HDwiib70FBLydOiQ=="
		},
		"node_modules/@shoelace-style/animations": {
			"version": "1.1.0",
			"resolved": "https://registry.npmjs.org/@shoelace-style/animations/-/animations-1.1.0.tgz",
			"integrity": "sha512-Be+cahtZyI2dPKRm8EZSx3YJQ+jLvEcn3xzRP7tM4tqBnvd/eW/64Xh0iOf0t2w5P8iJKfdBbpVNE9naCaOf2g==",
			"funding": {
				"type": "individual",
				"url": "https://github.com/sponsors/claviska"
			}
		},
		"node_modules/@shoelace-style/localize": {
			"version": "3.0.0",
			"resolved": "https://registry.npmjs.org/@shoelace-style/localize/-/localize-3.0.0.tgz",
			"integrity": "sha512-V+MWxPcTouKBK84t49v8+XE2AAffEIly7chn4md2i7+5wRqrk1uDBjkt8zxKXUx7CWeHT/i/oftjvWVhHRmC1A=="
		},
		"node_modules/@shoelace-style/shoelace": {
			"version": "2.0.0-beta.77",
			"resolved": "https://registry.npmjs.org/@shoelace-style/shoelace/-/shoelace-2.0.0-beta.77.tgz",
			"integrity": "sha512-nFLbswemL1MPT2N/ic8Mx1xEI8UomAOrCtuRjQ/DdQtyK9leL/xsm5JfDlhfc5FWgTqtmJqQKECJ6FmBJv3VMw==",
			"dependencies": {
				"@floating-ui/dom": "^0.5.2",
				"@lit-labs/react": "^1.0.4",
				"@shoelace-style/animations": "^1.1.0",
				"@shoelace-style/localize": "^3.0.0",
				"color": "4.2",
				"lit": "^2.2.5",
				"qr-creator": "^1.0.0"
			},
			"engines": {
				"node": ">=14.17.0"
			},
			"funding": {
				"type": "individual",
				"url": "https://github.com/sponsors/claviska"
			}
		},
		"node_modules/@stencil/core": {
			"version": "2.17.0",
			"resolved": "https://registry.npmjs.org/@stencil/core/-/core-2.17.0.tgz",
			"integrity": "sha512-KJJH097K2TJlJWj2LANWO0yXCidxOpv1L2MmtYqFxE443t75fxOhtKBZq6zebDaZj2DFGlUtV4pcM/uapfd8TQ==",
			"bin": {
				"stencil": "bin/stencil"
			},
			"engines": {
				"node": ">=12.10.0",
				"npm": ">=6.0.0"
			}
		},
		"node_modules/@stencil/less": {
			"version": "1.0.0",
			"resolved": "https://registry.npmjs.org/@stencil/less/-/less-1.0.0.tgz",
			"integrity": "sha512-RDtECr2iw8O5BKaP68BNiZP8svgE8Pf4wSOewshEOisNNYi5EzLXxLargnWtZbbO1s9G9CumDV7vmwpdGnvzgw==",
			"dependencies": {
				"less": "^3.9.0"
			},
			"peerDependencies": {
				"@stencil/core": "^1.0.2"
			}
		},
		"node_modules/@types/node": {
			"version": "15.14.9",
			"resolved": "https://registry.npmjs.org/@types/node/-/node-15.14.9.tgz",
			"integrity": "sha512-qjd88DrCxupx/kJD5yQgZdcYKZKSIGBVDIBE1/LTGcNm3d2Np/jxojkdePDdfnBHJc5W7vSMpbJ1aB7p/Py69A==",
			"dev": true
		},
		"node_modules/@types/resize-observer-browser": {
			"version": "0.1.7",
			"resolved": "https://registry.npmjs.org/@types/resize-observer-browser/-/resize-observer-browser-0.1.7.tgz",
			"integrity": "sha512-G9eN0Sn0ii9PWQ3Vl72jDPgeJwRWhv2Qk/nQkJuWmRmOB4HX3/BhD5SE1dZs/hzPZL/WKnvF0RHdTSG54QJFyg==",
			"dev": true
		},
		"node_modules/@types/trusted-types": {
			"version": "2.0.2",
			"resolved": "https://registry.npmjs.org/@types/trusted-types/-/trusted-types-2.0.2.tgz",
			"integrity": "sha512-F5DIZ36YVLE+PN+Zwws4kJogq47hNgX3Nx6WyDJ3kcplxyke3XIzB8uK5n/Lpm1HBsbGzd6nmGehL8cPekP+Tg=="
		},
		"node_modules/color": {
			"version": "4.2.3",
			"resolved": "https://registry.npmjs.org/color/-/color-4.2.3.tgz",
			"integrity": "sha512-1rXeuUUiGGrykh+CeBdu5Ie7OJwinCgQY0bc7GCRxy5xVHy+moaqkpL/jqQq0MtQOeYcrqEz4abc5f0KtU7W4A==",
			"dependencies": {
				"color-convert": "^2.0.1",
				"color-string": "^1.9.0"
			},
			"engines": {
				"node": ">=12.5.0"
			}
		},
		"node_modules/color-convert": {
			"version": "2.0.1",
			"resolved": "https://registry.npmjs.org/color-convert/-/color-convert-2.0.1.tgz",
			"integrity": "sha512-RRECPsj7iu/xb5oKYcsFHSppFNnsj/52OVTRKb4zP5onXwVF3zVmmToNcOfGC+CRDpfK/U584fMg38ZHCaElKQ==",
			"dependencies": {
				"color-name": "~1.1.4"
			},
			"engines": {
				"node": ">=7.0.0"
			}
		},
		"node_modules/color-name": {
			"version": "1.1.4",
			"resolved": "https://registry.npmjs.org/color-name/-/color-name-1.1.4.tgz",
			"integrity": "sha512-dOy+3AuW3a2wNbZHIuMZpTcgjGuLU/uBL/ubcZF9OXbDo8ff4O8yVp5Bf0efS8uEoYo5q4Fx7dY9OgQGXgAsQA=="
		},
		"node_modules/color-string": {
			"version": "1.9.1",
			"resolved": "https://registry.npmjs.org/color-string/-/color-string-1.9.1.tgz",
			"integrity": "sha512-shrVawQFojnZv6xM40anx4CkoDP+fZsw/ZerEMsW/pyzsRbElpsL/DBVW7q3ExxwusdNXI3lXpuhEZkzs8p5Eg==",
			"dependencies": {
				"color-name": "^1.0.0",
				"simple-swizzle": "^0.2.2"
			}
		},
		"node_modules/copy-anything": {
			"version": "2.0.6",
			"resolved": "https://registry.npmjs.org/copy-anything/-/copy-anything-2.0.6.tgz",
			"integrity": "sha512-1j20GZTsvKNkc4BY3NpMOM8tt///wY3FpIzozTOFO2ffuZcV61nojHXVKIy3WM+7ADCy5FVhdZYHYDdgTU0yJw==",
			"dependencies": {
				"is-what": "^3.14.1"
			},
			"funding": {
				"url": "https://github.com/sponsors/mesqueeb"
			}
		},
		"node_modules/errno": {
			"version": "0.1.8",
			"resolved": "https://registry.npmjs.org/errno/-/errno-0.1.8.tgz",
			"integrity": "sha512-dJ6oBr5SQ1VSd9qkk7ByRgb/1SH4JZjCHSW/mr63/QcXO9zLVxvJ6Oy13nio03rxpSnVDDjFor75SjVeZWPW/A==",
			"optional": true,
			"dependencies": {
				"prr": "~1.0.1"
			},
			"bin": {
				"errno": "cli.js"
			}
		},
		"node_modules/file-drop-element": {
			"version": "1.0.1",
			"resolved": "https://registry.npmjs.org/file-drop-element/-/file-drop-element-1.0.1.tgz",
			"integrity": "sha512-na2cwntTVgMsR+BZ2YBr/XQk941DKDw2LJKbV7g6TRdGBQ3rx8V53oEviG8zPWoBOySwK9w/SlZ/gb/F/48I8A=="
		},
		"node_modules/graceful-fs": {
			"version": "4.2.10",
			"resolved": "https://registry.npmjs.org/graceful-fs/-/graceful-fs-4.2.10.tgz",
			"integrity": "sha512-9ByhssR2fPVsNZj478qUUbKfmL0+t5BDVyjShtyZZLiK7ZDAArFFfopyOTj0M05wE2tJPisA4iTnnXl2YoPvOA==",
			"optional": true
		},
		"node_modules/image-size": {
			"version": "0.5.5",
			"resolved": "https://registry.npmjs.org/image-size/-/image-size-0.5.5.tgz",
			"integrity": "sha512-6TDAlDPZxUFCv+fuOkIoXT/V/f3Qbq8e37p+YOiYrUv3v9cc3/6x78VdfPgFVaB9dZYeLUfKgHRebpkm/oP2VQ==",
			"optional": true,
			"bin": {
				"image-size": "bin/image-size.js"
			},
			"engines": {
				"node": ">=0.10.0"
			}
		},
		"node_modules/is-arrayish": {
			"version": "0.3.2",
			"resolved": "https://registry.npmjs.org/is-arrayish/-/is-arrayish-0.3.2.tgz",
			"integrity": "sha512-eVRqCvVlZbuw3GrM63ovNSNAeA1K16kaR/LRY/92w0zxQ5/1YzwblUX652i4Xs9RwAGjW9d9y6X88t8OaAJfWQ=="
		},
		"node_modules/is-what": {
			"version": "3.14.1",
			"resolved": "https://registry.npmjs.org/is-what/-/is-what-3.14.1.tgz",
			"integrity": "sha512-sNxgpk9793nzSs7bA6JQJGeIuRBQhAaNGG77kzYQgMkrID+lS6SlK07K5LaptscDlSaIgH+GPFzf+d75FVxozA=="
		},
		"node_modules/less": {
			"version": "3.13.1",
			"resolved": "https://registry.npmjs.org/less/-/less-3.13.1.tgz",
			"integrity": "sha512-SwA1aQXGUvp+P5XdZslUOhhLnClSLIjWvJhmd+Vgib5BFIr9lMNlQwmwUNOjXThF/A0x+MCYYPeWEfeWiLRnTw==",
			"dependencies": {
				"copy-anything": "^2.0.1",
				"tslib": "^1.10.0"
			},
			"bin": {
				"lessc": "bin/lessc"
			},
			"engines": {
				"node": ">=6"
			},
			"optionalDependencies": {
				"errno": "^0.1.1",
				"graceful-fs": "^4.1.2",
				"image-size": "~0.5.0",
				"make-dir": "^2.1.0",
				"mime": "^1.4.1",
				"native-request": "^1.0.5",
				"source-map": "~0.6.0"
			}
		},
		"node_modules/lit": {
			"version": "2.2.7",
			"resolved": "https://registry.npmjs.org/lit/-/lit-2.2.7.tgz",
			"integrity": "sha512-WXYujlKFwme5ZqXOZoWuRVZQAwy7scbcVT3wCbAOHefOxyscqjywWGlF2e6nnC9E64yP9l2ZQlN8wZcRlrjUMQ==",
			"dependencies": {
				"@lit/reactive-element": "^1.3.0",
				"lit-element": "^3.2.0",
				"lit-html": "^2.2.0"
			}
		},
		"node_modules/lit-element": {
			"version": "3.2.1",
			"resolved": "https://registry.npmjs.org/lit-element/-/lit-element-3.2.1.tgz",
			"integrity": "sha512-2PxyE9Yq9Jyo/YBK2anycaHcqo93YvB5D+24JxloPVqryW/BOXekne+jGsm0Ke3E5E2v7CDgkmpEmCAzYfrHCQ==",
			"dependencies": {
				"@lit/reactive-element": "^1.3.0",
				"lit-html": "^2.2.0"
			}
		},
		"node_modules/lit-html": {
			"version": "2.2.6",
			"resolved": "https://registry.npmjs.org/lit-html/-/lit-html-2.2.6.tgz",
			"integrity": "sha512-xOKsPmq/RAKJ6dUeOxhmOYFjcjf0Q7aSdfBJgdJkOfCUnkmmJPxNrlZpRBeVe1Gg50oYWMlgm6ccAE/SpJgSdw==",
			"dependencies": {
				"@types/trusted-types": "^2.0.2"
			}
		},
		"node_modules/make-dir": {
			"version": "2.1.0",
			"resolved": "https://registry.npmjs.org/make-dir/-/make-dir-2.1.0.tgz",
			"integrity": "sha512-LS9X+dc8KLxXCb8dni79fLIIUA5VyZoyjSMCwTluaXA0o27cCK0bhXkpgw+sTXVpPy/lSO57ilRixqk0vDmtRA==",
			"optional": true,
			"dependencies": {
				"pify": "^4.0.1",
				"semver": "^5.6.0"
			},
			"engines": {
				"node": ">=6"
			}
		},
		"node_modules/mime": {
			"version": "1.6.0",
			"resolved": "https://registry.npmjs.org/mime/-/mime-1.6.0.tgz",
			"integrity": "sha512-x0Vn8spI+wuJ1O6S7gnbaQg8Pxh4NNHb7KSINmEWKiPE4RKOplvijn+NkmYmmRgP68mc70j2EbeTFRsrswaQeg==",
			"optional": true,
			"bin": {
				"mime": "cli.js"
			},
			"engines": {
				"node": ">=4"
			}
		},
		"node_modules/native-request": {
			"version": "1.1.0",
			"resolved": "https://registry.npmjs.org/native-request/-/native-request-1.1.0.tgz",
			"integrity": "sha512-uZ5rQaeRn15XmpgE0xoPL8YWqcX90VtCFglYwAgkvKM5e8fog+vePLAhHxuuv/gRkrQxIeh5U3q9sMNUrENqWw==",
			"optional": true
		},
		"node_modules/pify": {
			"version": "4.0.1",
			"resolved": "https://registry.npmjs.org/pify/-/pify-4.0.1.tgz",
			"integrity": "sha512-uB80kBFb/tfd68bVleG9T5GGsGPjJrLAUpR5PZIrhBnIaRTQRjqdJSsIKkOP6OAIFbj7GOrcudc5pNjZ+geV2g==",
			"optional": true,
			"engines": {
				"node": ">=6"
			}
		},
		"node_modules/prettier": {
			"version": "2.7.1",
			"resolved": "https://registry.npmjs.org/prettier/-/prettier-2.7.1.tgz",
			"integrity": "sha512-ujppO+MkdPqoVINuDFDRLClm7D78qbDt0/NR+wp5FqEZOoTNAjPHWj17QRhu7geIHJfcNhRk1XVQmF8Bp3ye+g==",
			"dev": true,
			"bin": {
				"prettier": "bin-prettier.js"
			},
			"engines": {
				"node": ">=10.13.0"
			},
			"funding": {
				"url": "https://github.com/prettier/prettier?sponsor=1"
			}
		},
		"node_modules/prr": {
			"version": "1.0.1",
			"resolved": "https://registry.npmjs.org/prr/-/prr-1.0.1.tgz",
			"integrity": "sha512-yPw4Sng1gWghHQWj0B3ZggWUm4qVbPwPFcRG8KyxiU7J2OHFSoEHKS+EZ3fv5l1t9CyCiop6l/ZYeWbrgoQejw==",
			"optional": true
		},
		"node_modules/qr-creator": {
			"version": "1.0.0",
			"resolved": "https://registry.npmjs.org/qr-creator/-/qr-creator-1.0.0.tgz",
			"integrity": "sha512-C0cqfbS1P5hfqN4NhsYsUXePlk9BO+a45bAQ3xLYjBL3bOIFzoVEjs79Fado9u9BPBD3buHi3+vY+C8tHh4qMQ=="
		},
		"node_modules/semver": {
			"version": "5.7.1",
			"resolved": "https://registry.npmjs.org/semver/-/semver-5.7.1.tgz",
			"integrity": "sha512-sauaDf/PZdVgrLTNYHRtpXa1iRiKcaebiKQ1BJdpQlWH2lCvexQdX55snPFyK7QzpudqbCI0qXFfOasHdyNDGQ==",
			"optional": true,
			"bin": {
				"semver": "bin/semver"
			}
		},
		"node_modules/simple-swizzle": {
			"version": "0.2.2",
			"resolved": "https://registry.npmjs.org/simple-swizzle/-/simple-swizzle-0.2.2.tgz",
			"integrity": "sha512-JA//kQgZtbuY83m+xT+tXJkmJncGMTFT+C+g2h2R9uxkYIrE2yy9sgmcLhCnw57/WSD+Eh3J97FPEDFnbXnDUg==",
			"dependencies": {
				"is-arrayish": "^0.3.1"
			}
		},
		"node_modules/source-map": {
			"version": "0.6.1",
			"resolved": "https://registry.npmjs.org/source-map/-/source-map-0.6.1.tgz",
			"integrity": "sha512-UjgapumWlbMhkBgzT7Ykc5YXUT46F0iKu8SGXq0bcwP5dz/h0Plj6enJqjz1Zbq2l5WaqYnrVbwWOWMyF3F47g==",
			"optional": true,
			"engines": {
				"node": ">=0.10.0"
			}
		},
		"node_modules/tslib": {
			"version": "1.14.1",
			"resolved": "https://registry.npmjs.org/tslib/-/tslib-1.14.1.tgz",
			"integrity": "sha512-Xni35NKzjgMrwevysHTCArtLDpPvye8zV/0E4EyYn43P7/7qvQwPh9BGkHewbMulVntbigmcT7rdX3BNo9wRJg=="
		}
	},
	"dependencies": {
		"@flatten-js/core": {
			"version": "1.3.4",
			"resolved": "https://registry.npmjs.org/@flatten-js/core/-/core-1.3.4.tgz",
			"integrity": "sha512-VP8VYWMJPZDgNze83iS//sHHkQREtgtZ9VLn9SNX99FN49AIP/QhSeqkpW0/VPyFrUbrmkw8VumYkT09BH5bYg==",
			"requires": {
				"@flatten-js/interval-tree": "^1.0.15"
			}
		},
		"@flatten-js/interval-tree": {
			"version": "1.0.18",
			"resolved": "https://registry.npmjs.org/@flatten-js/interval-tree/-/interval-tree-1.0.18.tgz",
			"integrity": "sha512-o72sZErW0Y1C82Cg7nk82ojJ/22EtmKyp5I3eNqgcOKFp/VCzetATYYjJIqOBBaR7FQ/MFj/ZpsmP38mL4TkYA=="
		},
		"@floating-ui/core": {
			"version": "0.7.3",
			"resolved": "https://registry.npmjs.org/@floating-ui/core/-/core-0.7.3.tgz",
			"integrity": "sha512-buc8BXHmG9l82+OQXOFU3Kr2XQx9ys01U/Q9HMIrZ300iLc8HLMgh7dcCqgYzAzf4BkoQvDcXf5Y+CuEZ5JBYg=="
		},
		"@floating-ui/dom": {
			"version": "0.5.4",
			"resolved": "https://registry.npmjs.org/@floating-ui/dom/-/dom-0.5.4.tgz",
			"integrity": "sha512-419BMceRLq0RrmTSDxn8hf9R3VCJv2K9PUfugh5JyEFmdjzDo+e8U5EdR8nzKq8Yj1htzLm3b6eQEEam3/rrtg==",
			"requires": {
				"@floating-ui/core": "^0.7.3"
			}
		},
		"@lit-labs/react": {
			"version": "1.0.6",
			"resolved": "https://registry.npmjs.org/@lit-labs/react/-/react-1.0.6.tgz",
			"integrity": "sha512-uDtfJv5XunmsydTNRST+MU8U6QyETCw8BKoeMw2Q4Te1r5paAD9sVJfxESP7Dbk0G4tqCRS0BsyNmYJSGCrJyQ=="
		},
		"@lit/reactive-element": {
			"version": "1.3.3",
			"resolved": "https://registry.npmjs.org/@lit/reactive-element/-/reactive-element-1.3.3.tgz",
			"integrity": "sha512-ukelZ49tzUqgOAEbVujl/U62JNK3wdn5kKtXVqrjKND4QvHACZOMOYaZI6/5Jd8vsg+Fq9HDwiib70FBLydOiQ=="
		},
		"@shoelace-style/animations": {
			"version": "1.1.0",
			"resolved": "https://registry.npmjs.org/@shoelace-style/animations/-/animations-1.1.0.tgz",
			"integrity": "sha512-Be+cahtZyI2dPKRm8EZSx3YJQ+jLvEcn3xzRP7tM4tqBnvd/eW/64Xh0iOf0t2w5P8iJKfdBbpVNE9naCaOf2g=="
		},
		"@shoelace-style/localize": {
			"version": "3.0.0",
			"resolved": "https://registry.npmjs.org/@shoelace-style/localize/-/localize-3.0.0.tgz",
			"integrity": "sha512-V+MWxPcTouKBK84t49v8+XE2AAffEIly7chn4md2i7+5wRqrk1uDBjkt8zxKXUx7CWeHT/i/oftjvWVhHRmC1A=="
		},
		"@shoelace-style/shoelace": {
			"version": "2.0.0-beta.77",
			"resolved": "https://registry.npmjs.org/@shoelace-style/shoelace/-/shoelace-2.0.0-beta.77.tgz",
			"integrity": "sha512-nFLbswemL1MPT2N/ic8Mx1xEI8UomAOrCtuRjQ/DdQtyK9leL/xsm5JfDlhfc5FWgTqtmJqQKECJ6FmBJv3VMw==",
			"requires": {
				"@floating-ui/dom": "^0.5.2",
				"@lit-labs/react": "^1.0.4",
				"@shoelace-style/animations": "^1.1.0",
				"@shoelace-style/localize": "^3.0.0",
				"color": "4.2",
				"lit": "^2.2.5",
				"qr-creator": "^1.0.0"
			}
		},
		"@stencil/core": {
			"version": "2.17.0",
			"resolved": "https://registry.npmjs.org/@stencil/core/-/core-2.17.0.tgz",
			"integrity": "sha512-KJJH097K2TJlJWj2LANWO0yXCidxOpv1L2MmtYqFxE443t75fxOhtKBZq6zebDaZj2DFGlUtV4pcM/uapfd8TQ=="
		},
		"@stencil/less": {
			"version": "1.0.0",
			"resolved": "https://registry.npmjs.org/@stencil/less/-/less-1.0.0.tgz",
			"integrity": "sha512-RDtECr2iw8O5BKaP68BNiZP8svgE8Pf4wSOewshEOisNNYi5EzLXxLargnWtZbbO1s9G9CumDV7vmwpdGnvzgw==",
			"requires": {
				"less": "^3.9.0"
			}
		},
		"@types/node": {
			"version": "15.14.9",
			"resolved": "https://registry.npmjs.org/@types/node/-/node-15.14.9.tgz",
			"integrity": "sha512-qjd88DrCxupx/kJD5yQgZdcYKZKSIGBVDIBE1/LTGcNm3d2Np/jxojkdePDdfnBHJc5W7vSMpbJ1aB7p/Py69A==",
			"dev": true
		},
		"@types/resize-observer-browser": {
			"version": "0.1.7",
			"resolved": "https://registry.npmjs.org/@types/resize-observer-browser/-/resize-observer-browser-0.1.7.tgz",
			"integrity": "sha512-G9eN0Sn0ii9PWQ3Vl72jDPgeJwRWhv2Qk/nQkJuWmRmOB4HX3/BhD5SE1dZs/hzPZL/WKnvF0RHdTSG54QJFyg==",
			"dev": true
		},
		"@types/trusted-types": {
			"version": "2.0.2",
			"resolved": "https://registry.npmjs.org/@types/trusted-types/-/trusted-types-2.0.2.tgz",
			"integrity": "sha512-F5DIZ36YVLE+PN+Zwws4kJogq47hNgX3Nx6WyDJ3kcplxyke3XIzB8uK5n/Lpm1HBsbGzd6nmGehL8cPekP+Tg=="
		},
		"color": {
			"version": "4.2.3",
			"resolved": "https://registry.npmjs.org/color/-/color-4.2.3.tgz",
			"integrity": "sha512-1rXeuUUiGGrykh+CeBdu5Ie7OJwinCgQY0bc7GCRxy5xVHy+moaqkpL/jqQq0MtQOeYcrqEz4abc5f0KtU7W4A==",
			"requires": {
				"color-convert": "^2.0.1",
				"color-string": "^1.9.0"
			}
		},
		"color-convert": {
			"version": "2.0.1",
			"resolved": "https://registry.npmjs.org/color-convert/-/color-convert-2.0.1.tgz",
			"integrity": "sha512-RRECPsj7iu/xb5oKYcsFHSppFNnsj/52OVTRKb4zP5onXwVF3zVmmToNcOfGC+CRDpfK/U584fMg38ZHCaElKQ==",
			"requires": {
				"color-name": "~1.1.4"
			}
		},
		"color-name": {
			"version": "1.1.4",
			"resolved": "https://registry.npmjs.org/color-name/-/color-name-1.1.4.tgz",
			"integrity": "sha512-dOy+3AuW3a2wNbZHIuMZpTcgjGuLU/uBL/ubcZF9OXbDo8ff4O8yVp5Bf0efS8uEoYo5q4Fx7dY9OgQGXgAsQA=="
		},
		"color-string": {
			"version": "1.9.1",
			"resolved": "https://registry.npmjs.org/color-string/-/color-string-1.9.1.tgz",
			"integrity": "sha512-shrVawQFojnZv6xM40anx4CkoDP+fZsw/ZerEMsW/pyzsRbElpsL/DBVW7q3ExxwusdNXI3lXpuhEZkzs8p5Eg==",
			"requires": {
				"color-name": "^1.0.0",
				"simple-swizzle": "^0.2.2"
			}
		},
		"copy-anything": {
			"version": "2.0.6",
			"resolved": "https://registry.npmjs.org/copy-anything/-/copy-anything-2.0.6.tgz",
			"integrity": "sha512-1j20GZTsvKNkc4BY3NpMOM8tt///wY3FpIzozTOFO2ffuZcV61nojHXVKIy3WM+7ADCy5FVhdZYHYDdgTU0yJw==",
			"requires": {
				"is-what": "^3.14.1"
			}
		},
		"errno": {
			"version": "0.1.8",
			"resolved": "https://registry.npmjs.org/errno/-/errno-0.1.8.tgz",
			"integrity": "sha512-dJ6oBr5SQ1VSd9qkk7ByRgb/1SH4JZjCHSW/mr63/QcXO9zLVxvJ6Oy13nio03rxpSnVDDjFor75SjVeZWPW/A==",
			"optional": true,
			"requires": {
				"prr": "~1.0.1"
			}
		},
		"file-drop-element": {
			"version": "1.0.1",
			"resolved": "https://registry.npmjs.org/file-drop-element/-/file-drop-element-1.0.1.tgz",
			"integrity": "sha512-na2cwntTVgMsR+BZ2YBr/XQk941DKDw2LJKbV7g6TRdGBQ3rx8V53oEviG8zPWoBOySwK9w/SlZ/gb/F/48I8A=="
		},
		"graceful-fs": {
			"version": "4.2.10",
			"resolved": "https://registry.npmjs.org/graceful-fs/-/graceful-fs-4.2.10.tgz",
			"integrity": "sha512-9ByhssR2fPVsNZj478qUUbKfmL0+t5BDVyjShtyZZLiK7ZDAArFFfopyOTj0M05wE2tJPisA4iTnnXl2YoPvOA==",
			"optional": true
		},
		"image-size": {
			"version": "0.5.5",
			"resolved": "https://registry.npmjs.org/image-size/-/image-size-0.5.5.tgz",
			"integrity": "sha512-6TDAlDPZxUFCv+fuOkIoXT/V/f3Qbq8e37p+YOiYrUv3v9cc3/6x78VdfPgFVaB9dZYeLUfKgHRebpkm/oP2VQ==",
			"optional": true
		},
		"is-arrayish": {
			"version": "0.3.2",
			"resolved": "https://registry.npmjs.org/is-arrayish/-/is-arrayish-0.3.2.tgz",
			"integrity": "sha512-eVRqCvVlZbuw3GrM63ovNSNAeA1K16kaR/LRY/92w0zxQ5/1YzwblUX652i4Xs9RwAGjW9d9y6X88t8OaAJfWQ=="
		},
		"is-what": {
			"version": "3.14.1",
			"resolved": "https://registry.npmjs.org/is-what/-/is-what-3.14.1.tgz",
			"integrity": "sha512-sNxgpk9793nzSs7bA6JQJGeIuRBQhAaNGG77kzYQgMkrID+lS6SlK07K5LaptscDlSaIgH+GPFzf+d75FVxozA=="
		},
		"less": {
			"version": "3.13.1",
			"resolved": "https://registry.npmjs.org/less/-/less-3.13.1.tgz",
			"integrity": "sha512-SwA1aQXGUvp+P5XdZslUOhhLnClSLIjWvJhmd+Vgib5BFIr9lMNlQwmwUNOjXThF/A0x+MCYYPeWEfeWiLRnTw==",
			"requires": {
				"copy-anything": "^2.0.1",
				"errno": "^0.1.1",
				"graceful-fs": "^4.1.2",
				"image-size": "~0.5.0",
				"make-dir": "^2.1.0",
				"mime": "^1.4.1",
				"native-request": "^1.0.5",
				"source-map": "~0.6.0",
				"tslib": "^1.10.0"
			}
		},
		"lit": {
			"version": "2.2.7",
			"resolved": "https://registry.npmjs.org/lit/-/lit-2.2.7.tgz",
			"integrity": "sha512-WXYujlKFwme5ZqXOZoWuRVZQAwy7scbcVT3wCbAOHefOxyscqjywWGlF2e6nnC9E64yP9l2ZQlN8wZcRlrjUMQ==",
			"requires": {
				"@lit/reactive-element": "^1.3.0",
				"lit-element": "^3.2.0",
				"lit-html": "^2.2.0"
			}
		},
		"lit-element": {
			"version": "3.2.1",
			"resolved": "https://registry.npmjs.org/lit-element/-/lit-element-3.2.1.tgz",
			"integrity": "sha512-2PxyE9Yq9Jyo/YBK2anycaHcqo93YvB5D+24JxloPVqryW/BOXekne+jGsm0Ke3E5E2v7CDgkmpEmCAzYfrHCQ==",
			"requires": {
				"@lit/reactive-element": "^1.3.0",
				"lit-html": "^2.2.0"
			}
		},
		"lit-html": {
			"version": "2.2.6",
			"resolved": "https://registry.npmjs.org/lit-html/-/lit-html-2.2.6.tgz",
			"integrity": "sha512-xOKsPmq/RAKJ6dUeOxhmOYFjcjf0Q7aSdfBJgdJkOfCUnkmmJPxNrlZpRBeVe1Gg50oYWMlgm6ccAE/SpJgSdw==",
			"requires": {
				"@types/trusted-types": "^2.0.2"
			}
		},
		"make-dir": {
			"version": "2.1.0",
			"resolved": "https://registry.npmjs.org/make-dir/-/make-dir-2.1.0.tgz",
			"integrity": "sha512-LS9X+dc8KLxXCb8dni79fLIIUA5VyZoyjSMCwTluaXA0o27cCK0bhXkpgw+sTXVpPy/lSO57ilRixqk0vDmtRA==",
			"optional": true,
			"requires": {
				"pify": "^4.0.1",
				"semver": "^5.6.0"
			}
		},
		"mime": {
			"version": "1.6.0",
			"resolved": "https://registry.npmjs.org/mime/-/mime-1.6.0.tgz",
			"integrity": "sha512-x0Vn8spI+wuJ1O6S7gnbaQg8Pxh4NNHb7KSINmEWKiPE4RKOplvijn+NkmYmmRgP68mc70j2EbeTFRsrswaQeg==",
			"optional": true
		},
		"native-request": {
			"version": "1.1.0",
			"resolved": "https://registry.npmjs.org/native-request/-/native-request-1.1.0.tgz",
			"integrity": "sha512-uZ5rQaeRn15XmpgE0xoPL8YWqcX90VtCFglYwAgkvKM5e8fog+vePLAhHxuuv/gRkrQxIeh5U3q9sMNUrENqWw==",
			"optional": true
		},
		"pify": {
			"version": "4.0.1",
			"resolved": "https://registry.npmjs.org/pify/-/pify-4.0.1.tgz",
			"integrity": "sha512-uB80kBFb/tfd68bVleG9T5GGsGPjJrLAUpR5PZIrhBnIaRTQRjqdJSsIKkOP6OAIFbj7GOrcudc5pNjZ+geV2g==",
			"optional": true
		},
		"prettier": {
			"version": "2.7.1",
			"resolved": "https://registry.npmjs.org/prettier/-/prettier-2.7.1.tgz",
			"integrity": "sha512-ujppO+MkdPqoVINuDFDRLClm7D78qbDt0/NR+wp5FqEZOoTNAjPHWj17QRhu7geIHJfcNhRk1XVQmF8Bp3ye+g==",
			"dev": true
		},
		"prr": {
			"version": "1.0.1",
			"resolved": "https://registry.npmjs.org/prr/-/prr-1.0.1.tgz",
			"integrity": "sha512-yPw4Sng1gWghHQWj0B3ZggWUm4qVbPwPFcRG8KyxiU7J2OHFSoEHKS+EZ3fv5l1t9CyCiop6l/ZYeWbrgoQejw==",
			"optional": true
		},
		"qr-creator": {
			"version": "1.0.0",
			"resolved": "https://registry.npmjs.org/qr-creator/-/qr-creator-1.0.0.tgz",
			"integrity": "sha512-C0cqfbS1P5hfqN4NhsYsUXePlk9BO+a45bAQ3xLYjBL3bOIFzoVEjs79Fado9u9BPBD3buHi3+vY+C8tHh4qMQ=="
		},
		"semver": {
			"version": "5.7.1",
			"resolved": "https://registry.npmjs.org/semver/-/semver-5.7.1.tgz",
			"integrity": "sha512-sauaDf/PZdVgrLTNYHRtpXa1iRiKcaebiKQ1BJdpQlWH2lCvexQdX55snPFyK7QzpudqbCI0qXFfOasHdyNDGQ==",
			"optional": true
		},
		"simple-swizzle": {
			"version": "0.2.2",
			"resolved": "https://registry.npmjs.org/simple-swizzle/-/simple-swizzle-0.2.2.tgz",
			"integrity": "sha512-JA//kQgZtbuY83m+xT+tXJkmJncGMTFT+C+g2h2R9uxkYIrE2yy9sgmcLhCnw57/WSD+Eh3J97FPEDFnbXnDUg==",
			"requires": {
				"is-arrayish": "^0.3.1"
			}
		},
		"source-map": {
			"version": "0.6.1",
			"resolved": "https://registry.npmjs.org/source-map/-/source-map-0.6.1.tgz",
			"integrity": "sha512-UjgapumWlbMhkBgzT7Ykc5YXUT46F0iKu8SGXq0bcwP5dz/h0Plj6enJqjz1Zbq2l5WaqYnrVbwWOWMyF3F47g==",
			"optional": true
		},
		"tslib": {
			"version": "1.14.1",
			"resolved": "https://registry.npmjs.org/tslib/-/tslib-1.14.1.tgz",
			"integrity": "sha512-Xni35NKzjgMrwevysHTCArtLDpPvye8zV/0E4EyYn43P7/7qvQwPh9BGkHewbMulVntbigmcT7rdX3BNo9wRJg=="
		}
	}
}
