{
  "name": "doremi",
  "version": "0.0.1",
  "lockfileVersion": 1,
  "requires": true,
  "dependencies": {
    "@flatten-js/core": {
      "version": "1.2.22",
      "resolved": "https://registry.npmjs.org/@flatten-js/core/-/core-1.2.22.tgz",
      "integrity": "sha512-Dy/GD4n0m2jfAjGzAvgDVIzNS+vGILrQWoc1OvmuF8m91JlRgD27OmpX2XqJiBx3vjsCboq1wgb61j0Abl1rVQ==",
      "requires": {
        "@flatten-js/interval-tree": "^1.0.13"
      }
    },
    "@flatten-js/interval-tree": {
      "version": "1.0.13",
      "resolved": "https://registry.npmjs.org/@flatten-js/interval-tree/-/interval-tree-1.0.13.tgz",
      "integrity": "sha512-5thHHdUZIRdPdEPx6G9tY6mHFMGoXsq9/ivemRszDcEkERXqlZAv+7NozaFbAUOvKXxyWoccSnLyjK0c5UWJeQ=="
    },
    "@lit/reactive-element": {
      "version": "1.0.0-rc.1",
      "resolved": "https://registry.npmjs.org/@lit/reactive-element/-/reactive-element-1.0.0-rc.1.tgz",
      "integrity": "sha512-TLRPKOhQLNOMcpCXHiTKrNKX5eNzhf9y07jp27MXkjTH1IbXFvcT9/mVdOG/3qfMkip+iO6CEfv5a+y0wFhQig=="
    },
    "@popperjs/core": {
      "version": "2.9.2",
      "resolved": "https://registry.npmjs.org/@popperjs/core/-/core-2.9.2.tgz",
      "integrity": "sha512-VZMYa7+fXHdwIq1TDhSXoVmSPEGM/aa+6Aiq3nVVJ9bXr24zScr+NlKFKC3iPljA7ho/GAZr+d2jOf5GIRC30Q=="
    },
    "@shoelace-style/animations": {
      "version": "1.1.0",
      "resolved": "https://registry.npmjs.org/@shoelace-style/animations/-/animations-1.1.0.tgz",
      "integrity": "sha512-Be+cahtZyI2dPKRm8EZSx3YJQ+jLvEcn3xzRP7tM4tqBnvd/eW/64Xh0iOf0t2w5P8iJKfdBbpVNE9naCaOf2g=="
    },
    "@shoelace-style/shoelace": {
      "version": "2.0.0-beta.39",
      "resolved": "https://registry.npmjs.org/@shoelace-style/shoelace/-/shoelace-2.0.0-beta.39.tgz",
      "integrity": "sha512-dDEXsu+LqY40haOMZBGzOETD4KfXEXtMy4mKAyUtEghNQ2eIxBXjQHSE574/SM6h2IXsH+KzMgZDwi7g00LkUw==",
      "requires": {
        "@popperjs/core": "^2.7.0",
        "@shoelace-style/animations": "^1.1.0",
        "color": "^3.1.3",
        "lit": "^2.0.0-rc.1",
        "lit-html": "^2.0.0-rc.2",
        "qr-creator": "^1.0.0"
      }
    },
    "@stencil/core": {
      "version": "2.5.2",
      "resolved": "https://registry.npmjs.org/@stencil/core/-/core-2.5.2.tgz",
      "integrity": "sha512-bgjPXkSzzg1WnTgVUm6m5ZzpKt602WmA/QljODAW1xVN40OHJdbGblzF/F6MFzqv2c5Cy30CB41arc8qADIdcQ=="
    },
    "@stencil/less": {
      "version": "1.0.0",
      "resolved": "https://registry.npmjs.org/@stencil/less/-/less-1.0.0.tgz",
      "integrity": "sha512-RDtECr2iw8O5BKaP68BNiZP8svgE8Pf4wSOewshEOisNNYi5EzLXxLargnWtZbbO1s9G9CumDV7vmwpdGnvzgw==",
      "requires": {
        "less": "^3.9.0"
      }
    },
    "@types/node": {
      "version": "15.0.1",
      "resolved": "https://registry.npmjs.org/@types/node/-/node-15.0.1.tgz",
      "integrity": "sha512-TMkXt0Ck1y0KKsGr9gJtWGjttxlZnnvDtphxUOSd0bfaR6Q1jle+sPvrzNR1urqYTWMinoKvjKfXUGsumaO1PA==",
      "dev": true
    },
    "@types/resize-observer-browser": {
      "version": "0.1.5",
      "resolved": "https://registry.npmjs.org/@types/resize-observer-browser/-/resize-observer-browser-0.1.5.tgz",
      "integrity": "sha512-8k/67Z95Goa6Lznuykxkfhq9YU3l1Qe6LNZmwde1u7802a3x8v44oq0j91DICclxatTr0rNnhXx7+VTIetSrSQ==",
      "dev": true
    },
    "@types/trusted-types": {
      "version": "1.0.6",
      "resolved": "https://registry.npmjs.org/@types/trusted-types/-/trusted-types-1.0.6.tgz",
      "integrity": "sha512-230RC8sFeHoT6sSUlRO6a8cAnclO06eeiq1QDfiv2FGCLWFvvERWgwIQD4FWqD9A69BN7Lzee4OXwoMVnnsWDw=="
    },
    "color": {
      "version": "3.1.3",
      "resolved": "https://registry.npmjs.org/color/-/color-3.1.3.tgz",
      "integrity": "sha512-xgXAcTHa2HeFCGLE9Xs/R82hujGtu9Jd9x4NW3T34+OMs7VoPsjwzRczKHvTAHeJwWFwX5j15+MgAppE8ztObQ==",
      "requires": {
        "color-convert": "^1.9.1",
        "color-string": "^1.5.4"
      }
    },
    "color-convert": {
      "version": "1.9.3",
      "resolved": "https://registry.npmjs.org/color-convert/-/color-convert-1.9.3.tgz",
      "integrity": "sha512-QfAUtd+vFdAtFQcC8CCyYt1fYWxSqAiK2cSD6zDB8N3cpsEBAvRxp9zOGg6G/SHHJYAT88/az/IuDGALsNVbGg==",
      "requires": {
        "color-name": "1.1.3"
      }
    },
    "color-name": {
      "version": "1.1.3",
      "resolved": "https://registry.npmjs.org/color-name/-/color-name-1.1.3.tgz",
      "integrity": "sha1-p9BVi9icQveV3UIyj3QIMcpTvCU="
    },
    "color-string": {
      "version": "1.5.5",
      "resolved": "https://registry.npmjs.org/color-string/-/color-string-1.5.5.tgz",
      "integrity": "sha512-jgIoum0OfQfq9Whcfc2z/VhCNcmQjWbey6qBX0vqt7YICflUmBCh9E9CiQD5GSJ+Uehixm3NUwHVhqUAWRivZg==",
      "requires": {
        "color-name": "^1.0.0",
        "simple-swizzle": "^0.2.2"
      }
    },
    "copy-anything": {
      "version": "2.0.3",
      "resolved": "https://registry.npmjs.org/copy-anything/-/copy-anything-2.0.3.tgz",
      "integrity": "sha512-GK6QUtisv4fNS+XcI7shX0Gx9ORg7QqIznyfho79JTnX1XhLiyZHfftvGiziqzRiEi/Bjhgpi+D2o7HxJFPnDQ==",
      "requires": {
        "is-what": "^3.12.0"
      }
    },
    "errno": {
      "version": "0.1.8",
      "resolved": "https://registry.npmjs.org/errno/-/errno-0.1.8.tgz",
      "integrity": "sha512-dJ6oBr5SQ1VSd9qkk7ByRgb/1SH4JZjCHSW/mr63/QcXO9zLVxvJ6Oy13nio03rxpSnVDDjFor75SjVeZWPW/A==",
      "optional": true,
      "requires": {
        "prr": "~1.0.1"
      }
    },
    "file-drop-element": {
      "version": "1.0.1",
      "resolved": "https://registry.npmjs.org/file-drop-element/-/file-drop-element-1.0.1.tgz",
      "integrity": "sha512-na2cwntTVgMsR+BZ2YBr/XQk941DKDw2LJKbV7g6TRdGBQ3rx8V53oEviG8zPWoBOySwK9w/SlZ/gb/F/48I8A=="
    },
    "graceful-fs": {
      "version": "4.2.6",
      "resolved": "https://registry.npmjs.org/graceful-fs/-/graceful-fs-4.2.6.tgz",
      "integrity": "sha512-nTnJ528pbqxYanhpDYsi4Rd8MAeaBA67+RZ10CM1m3bTAVFEDcd5AuA4a6W5YkGZ1iNXHzZz8T6TBKLeBuNriQ==",
      "optional": true
    },
    "image-size": {
      "version": "0.5.5",
      "resolved": "https://registry.npmjs.org/image-size/-/image-size-0.5.5.tgz",
      "integrity": "sha1-Cd/Uq50g4p6xw+gLiZA3jfnjy5w=",
      "optional": true
    },
    "is-arrayish": {
      "version": "0.3.2",
      "resolved": "https://registry.npmjs.org/is-arrayish/-/is-arrayish-0.3.2.tgz",
      "integrity": "sha512-eVRqCvVlZbuw3GrM63ovNSNAeA1K16kaR/LRY/92w0zxQ5/1YzwblUX652i4Xs9RwAGjW9d9y6X88t8OaAJfWQ=="
    },
    "is-what": {
      "version": "3.14.1",
      "resolved": "https://registry.npmjs.org/is-what/-/is-what-3.14.1.tgz",
      "integrity": "sha512-sNxgpk9793nzSs7bA6JQJGeIuRBQhAaNGG77kzYQgMkrID+lS6SlK07K5LaptscDlSaIgH+GPFzf+d75FVxozA=="
    },
    "less": {
      "version": "3.13.1",
      "resolved": "https://registry.npmjs.org/less/-/less-3.13.1.tgz",
      "integrity": "sha512-SwA1aQXGUvp+P5XdZslUOhhLnClSLIjWvJhmd+Vgib5BFIr9lMNlQwmwUNOjXThF/A0x+MCYYPeWEfeWiLRnTw==",
      "requires": {
        "copy-anything": "^2.0.1",
        "errno": "^0.1.1",
        "graceful-fs": "^4.1.2",
        "image-size": "~0.5.0",
        "make-dir": "^2.1.0",
        "mime": "^1.4.1",
        "native-request": "^1.0.5",
        "source-map": "~0.6.0",
        "tslib": "^1.10.0"
      }
    },
    "lit": {
      "version": "2.0.0-rc.1",
      "resolved": "https://registry.npmjs.org/lit/-/lit-2.0.0-rc.1.tgz",
      "integrity": "sha512-cf4r18feMhu56sO963a5MaHUn6OX2Am9sj9lzyGTYx2IPDhC9NP/Xh4rj9Ialo9dA+lI4brD7+9cxSzRIWHOmw==",
      "requires": {
        "@lit/reactive-element": "^1.0.0-rc.1",
        "lit-element": "^3.0.0-rc.1",
        "lit-html": "^2.0.0-rc.1"
      }
    },
    "lit-element": {
      "version": "3.0.0-rc.1",
      "resolved": "https://registry.npmjs.org/lit-element/-/lit-element-3.0.0-rc.1.tgz",
      "integrity": "sha512-SQH7LODMy+42UTOGiyHUTXronvv8Cud0Y/8Q8/1jd/9Putuh66GjN7FEjyNRxVbpIygnPqMbG854J9Ct9IJlFw==",
      "requires": {
        "@lit/reactive-element": "^1.0.0-rc.1",
        "lit-html": "^2.0.0-rc.1"
      }
    },
    "lit-html": {
      "version": "2.0.0-rc.2",
      "resolved": "https://registry.npmjs.org/lit-html/-/lit-html-2.0.0-rc.2.tgz",
      "integrity": "sha512-rl3vtIQ0jq6r0GVbg+57Et9ra+iNhiz/v5V7uPTb6VxnjJaCCYKI7WkzKNlyzjMM2N/ytih3Uxb5vyyaOpjb0Q==",
      "requires": {
        "@types/trusted-types": "^1.0.1"
      }
    },
    "make-dir": {
      "version": "2.1.0",
      "resolved": "https://registry.npmjs.org/make-dir/-/make-dir-2.1.0.tgz",
      "integrity": "sha512-LS9X+dc8KLxXCb8dni79fLIIUA5VyZoyjSMCwTluaXA0o27cCK0bhXkpgw+sTXVpPy/lSO57ilRixqk0vDmtRA==",
      "optional": true,
      "requires": {
        "pify": "^4.0.1",
        "semver": "^5.6.0"
      }
    },
    "mime": {
      "version": "1.6.0",
      "resolved": "https://registry.npmjs.org/mime/-/mime-1.6.0.tgz",
      "integrity": "sha512-x0Vn8spI+wuJ1O6S7gnbaQg8Pxh4NNHb7KSINmEWKiPE4RKOplvijn+NkmYmmRgP68mc70j2EbeTFRsrswaQeg==",
      "optional": true
    },
    "native-request": {
      "version": "1.0.8",
      "resolved": "https://registry.npmjs.org/native-request/-/native-request-1.0.8.tgz",
      "integrity": "sha512-vU2JojJVelUGp6jRcLwToPoWGxSx23z/0iX+I77J3Ht17rf2INGjrhOoQnjVo60nQd8wVsgzKkPfRXBiVdD2ag==",
      "optional": true
    },
    "pify": {
      "version": "4.0.1",
      "resolved": "https://registry.npmjs.org/pify/-/pify-4.0.1.tgz",
      "integrity": "sha512-uB80kBFb/tfd68bVleG9T5GGsGPjJrLAUpR5PZIrhBnIaRTQRjqdJSsIKkOP6OAIFbj7GOrcudc5pNjZ+geV2g==",
      "optional": true
    },
    "prr": {
      "version": "1.0.1",
      "resolved": "https://registry.npmjs.org/prr/-/prr-1.0.1.tgz",
      "integrity": "sha1-0/wRS6BplaRexok/SEzrHXj19HY=",
      "optional": true
    },
    "qr-creator": {
      "version": "1.0.0",
      "resolved": "https://registry.npmjs.org/qr-creator/-/qr-creator-1.0.0.tgz",
      "integrity": "sha512-C0cqfbS1P5hfqN4NhsYsUXePlk9BO+a45bAQ3xLYjBL3bOIFzoVEjs79Fado9u9BPBD3buHi3+vY+C8tHh4qMQ=="
    },
    "semver": {
      "version": "5.7.1",
      "resolved": "https://registry.npmjs.org/semver/-/semver-5.7.1.tgz",
      "integrity": "sha512-sauaDf/PZdVgrLTNYHRtpXa1iRiKcaebiKQ1BJdpQlWH2lCvexQdX55snPFyK7QzpudqbCI0qXFfOasHdyNDGQ==",
      "optional": true
    },
    "simple-swizzle": {
      "version": "0.2.2",
      "resolved": "https://registry.npmjs.org/simple-swizzle/-/simple-swizzle-0.2.2.tgz",
      "integrity": "sha1-pNprY1/8zMoz9w0Xy5JZLeleVXo=",
      "requires": {
        "is-arrayish": "^0.3.1"
      }
    },
    "source-map": {
      "version": "0.6.1",
      "resolved": "https://registry.npmjs.org/source-map/-/source-map-0.6.1.tgz",
      "integrity": "sha512-UjgapumWlbMhkBgzT7Ykc5YXUT46F0iKu8SGXq0bcwP5dz/h0Plj6enJqjz1Zbq2l5WaqYnrVbwWOWMyF3F47g==",
      "optional": true
    },
    "tslib": {
      "version": "1.14.1",
      "resolved": "https://registry.npmjs.org/tslib/-/tslib-1.14.1.tgz",
      "integrity": "sha512-Xni35NKzjgMrwevysHTCArtLDpPvye8zV/0E4EyYn43P7/7qvQwPh9BGkHewbMulVntbigmcT7rdX3BNo9wRJg=="
    }
  }
}
